
Microsoft Visual Studio Solution File, Format Version 12.00
# Visual Studio Version 17
VisualStudioVersion = 17.9.34728.123
MinimumVisualStudioVersion = 10.0.40219.1
Project("{9A19103F-16F7-4668-BE54-9A1E7A4F7556}") = "Sparta_Dungeon", "Sparta_Dungeon\Sparta_Dungeon.csproj", "{A46E2D14-E784-49D4-99B0-3B196DE9E167}"
EndProject
Global
	GlobalSection(SolutionConfigurationPlatforms) = preSolution
		Debug|Any CPU = Debug|Any CPU
		Release|Any CPU = Release|Any CPU
	EndGlobalSection
	GlobalSection(ProjectConfigurationPlatforms) = postSolution
		{A46E2D14-E784-49D4-99B0-3B196DE9E167}.Debug|Any CPU.ActiveCfg = Debug|Any CPU
		{A46E2D14-E784-49D4-99B0-3B196DE9E167}.Debug|Any CPU.Build.0 = Debug|Any CPU
		{A46E2D14-E784-49D4-99B0-3B196DE9E167}.Release|Any CPU.ActiveCfg = Release|Any CPU
		{A46E2D14-E784-49D4-99B0-3B196DE9E167}.Release|Any CPU.Build.0 = Release|Any CPU
	EndGlobalSection
	GlobalSection(SolutionProperties) = preSolution
		HideSolutionNode = FALSE
	EndGlobalSection
	GlobalSection(ExtensibilityGlobals) = postSolution
		SolutionGuid = {8DA49B9D-5188-4BE1-B991-E5953CAF1F2D}
	EndGlobalSection
EndGlobal
